
Microsoft Visual Studio Solution File, Format Version 12.00
# Visual Studio Version 16
VisualStudioVersion = 16.0.31729.503
MinimumVisualStudioVersion = 10.0.40219.1
Project("{FAE04EC0-301F-11D3-BF4B-00C04F79EFBC}") = "Tic_Toc_Toe", "Tic_Toc_Toe\Tic_Toc_Toe.csproj", "{13693D68-A37C-4A51-BB12-D64D926D8BBD}"
EndProject
Global
	GlobalSection(SolutionConfigurationPlatforms) = preSolution
		Debug|Any CPU = Debug|Any CPU
		Release|Any CPU = Release|Any CPU
	EndGlobalSection
	GlobalSection(ProjectConfigurationPlatforms) = postSolution
		{13693D68-A37C-4A51-BB12-D64D926D8BBD}.Debug|Any CPU.ActiveCfg = Debug|Any CPU
		{13693D68-A37C-4A51-BB12-D64D926D8BBD}.Debug|Any CPU.Build.0 = Debug|Any CPU
		{13693D68-A37C-4A51-BB12-D64D926D8BBD}.Release|Any CPU.ActiveCfg = Release|Any CPU
		{13693D68-A37C-4A51-BB12-D64D926D8BBD}.Release|Any CPU.Build.0 = Release|Any CPU
	EndGlobalSection
	GlobalSection(SolutionProperties) = preSolution
		HideSolutionNode = FALSE
	EndGlobalSection
	GlobalSection(ExtensibilityGlobals) = postSolution
		SolutionGuid = {12106069-79E8-455A-9C86-4E6792FA411B}
	EndGlobalSection
EndGlobal
